
Microsoft Visual Studio Solution File, Format Version 12.00
# Visual Studio Version 16
VisualStudioVersion = 16.0.30717.126
MinimumVisualStudioVersion = 10.0.40219.1
Project("{FAE04EC0-301F-11D3-BF4B-00C04F79EFBC}") = "listwiewprioritets", "listwiewprioritets.csproj", "{FE746FA6-1CD7-4B1B-99D5-2B56AB71214F}"
EndProject
Global
	GlobalSection(SolutionConfigurationPlatforms) = preSolution
		Debug|Any CPU = Debug|Any CPU
		Release|Any CPU = Release|Any CPU
	EndGlobalSection
	GlobalSection(ProjectConfigurationPlatforms) = postSolution
		{FE746FA6-1CD7-4B1B-99D5-2B56AB71214F}.Debug|Any CPU.ActiveCfg = Debug|Any CPU
		{FE746FA6-1CD7-4B1B-99D5-2B56AB71214F}.Debug|Any CPU.Build.0 = Debug|Any CPU
		{FE746FA6-1CD7-4B1B-99D5-2B56AB71214F}.Release|Any CPU.ActiveCfg = Release|Any CPU
		{FE746FA6-1CD7-4B1B-99D5-2B56AB71214F}.Release|Any CPU.Build.0 = Release|Any CPU
	EndGlobalSection
	GlobalSection(SolutionProperties) = preSolution
		HideSolutionNode = FALSE
	EndGlobalSection
	GlobalSection(ExtensibilityGlobals) = postSolution
		SolutionGuid = {8FF5B2F3-7DF0-4C8E-9FFD-BD83445F552B}
	EndGlobalSection
EndGlobal
